
Microsoft Visual Studio Solution File, Format Version 12.00
# Visual Studio 15
VisualStudioVersion = 15.0.28010.2036
MinimumVisualStudioVersion = 10.0.40219.1
Project("{FAE04EC0-301F-11D3-BF4B-00C04F79EFBC}") = "MediaBrowser.Model", "MediaBrowser.Model\MediaBrowser.Model.csproj", "{69C74D43-6CBF-4A79-B199-3B931DEC62DB}"
EndProject
Project("{FAE04EC0-301F-11D3-BF4B-00C04F79EFBC}") = "MediaBrowser.Controller", "MediaBrowser.Controller\MediaBrowser.Controller.csproj", "{F7EB8B90-2233-4E65-84B9-AC1FF4E55354}"
EndProject
Project("{FAE04EC0-301F-11D3-BF4B-00C04F79EFBC}") = "MediaBrowser.Common", "MediaBrowser.Common\MediaBrowser.Common.csproj", "{AE02E669-20F1-4FEE-9D7B-09CB735A5069}"
EndProject
Global
	GlobalSection(SolutionConfigurationPlatforms) = preSolution
		Debug|Any CPU = Debug|Any CPU
		Release|Any CPU = Release|Any CPU
	EndGlobalSection
	GlobalSection(ProjectConfigurationPlatforms) = postSolution
		{69C74D43-6CBF-4A79-B199-3B931DEC62DB}.Debug|Any CPU.ActiveCfg = Debug|Any CPU
		{69C74D43-6CBF-4A79-B199-3B931DEC62DB}.Debug|Any CPU.Build.0 = Debug|Any CPU
		{69C74D43-6CBF-4A79-B199-3B931DEC62DB}.Release|Any CPU.ActiveCfg = Release|Any CPU
		{69C74D43-6CBF-4A79-B199-3B931DEC62DB}.Release|Any CPU.Build.0 = Release|Any CPU
		{F7EB8B90-2233-4E65-84B9-AC1FF4E55354}.Debug|Any CPU.ActiveCfg = Debug|Any CPU
		{F7EB8B90-2233-4E65-84B9-AC1FF4E55354}.Debug|Any CPU.Build.0 = Debug|Any CPU
		{F7EB8B90-2233-4E65-84B9-AC1FF4E55354}.Release|Any CPU.ActiveCfg = Release|Any CPU
		{F7EB8B90-2233-4E65-84B9-AC1FF4E55354}.Release|Any CPU.Build.0 = Release|Any CPU
		{AE02E669-20F1-4FEE-9D7B-09CB735A5069}.Debug|Any CPU.ActiveCfg = Debug|Any CPU
		{AE02E669-20F1-4FEE-9D7B-09CB735A5069}.Debug|Any CPU.Build.0 = Debug|Any CPU
		{AE02E669-20F1-4FEE-9D7B-09CB735A5069}.Release|Any CPU.ActiveCfg = Release|Any CPU
		{AE02E669-20F1-4FEE-9D7B-09CB735A5069}.Release|Any CPU.Build.0 = Release|Any CPU
	EndGlobalSection
	GlobalSection(SolutionProperties) = preSolution
		HideSolutionNode = FALSE
	EndGlobalSection
	GlobalSection(ExtensibilityGlobals) = postSolution
		SolutionGuid = {29DBAB7B-7C4E-44F5-9932-61CAF321D9D0}
	EndGlobalSection
EndGlobal
